
Microsoft Visual Studio Solution File, Format Version 12.00
# Visual Studio Version 17
VisualStudioVersion = 17.8.34525.116
MinimumVisualStudioVersion = 10.0.40219.1
Project("{FAE04EC0-301F-11D3-BF4B-00C04F79EFBC}") = "LibraryManagementSystem", "LibraryManagementSystem\LibraryManagementSystem.csproj", "{99BBD835-AB97-4269-BCAA-7C542BBCCF5A}"
EndProject
Global
	GlobalSection(SolutionConfigurationPlatforms) = preSolution
		Debug|Any CPU = Debug|Any CPU
		Release|Any CPU = Release|Any CPU
	EndGlobalSection
	GlobalSection(ProjectConfigurationPlatforms) = postSolution
		{99BBD835-AB97-4269-BCAA-7C542BBCCF5A}.Debug|Any CPU.ActiveCfg = Debug|Any CPU
		{99BBD835-AB97-4269-BCAA-7C542BBCCF5A}.Debug|Any CPU.Build.0 = Debug|Any CPU
		{99BBD835-AB97-4269-BCAA-7C542BBCCF5A}.Release|Any CPU.ActiveCfg = Release|Any CPU
		{99BBD835-AB97-4269-BCAA-7C542BBCCF5A}.Release|Any CPU.Build.0 = Release|Any CPU
	EndGlobalSection
	GlobalSection(SolutionProperties) = preSolution
		HideSolutionNode = FALSE
	EndGlobalSection
	GlobalSection(ExtensibilityGlobals) = postSolution
		SolutionGuid = {47C0D46E-FC0F-4E89-8C08-8F325DB5E9B9}
	EndGlobalSection
EndGlobal
